{
  "pins" : [
    {
      "identity" : "engine",
      "kind" : "remoteSourceControl",
      "location" : "https://github.com/nathantannar4/Engine",
      "state" : {
        "revision" : "fdf90836c00b32b276e487f86577ad7321c968f3",
        "version" : "2.1.14"
      }
    },
    {
      "identity" : "swift-syntax",
      "kind" : "remoteSourceControl",
      "location" : "https://github.com/swiftlang/swift-syntax",
      "state" : {
        "revision" : "6ad4ea24b01559dde0773e3d091f1b9e36175036",
        "version" : "509.0.2"
      }
    }
  ],
  "version" : 2
}
